<Solution>
  <Folder Name="/solution-items/">
    <File Path=".gitignore" />
    <File Path="Directory.Build.props" />
  </Folder>
  <Folder Name="/src/">
    <Project Path="src\dotRenderer\dotRenderer.csproj" Type="Classic C#" />
  </Folder>
  <Folder Name="/tests/">
    <Project Path="tests\dotRenderer.Tests\dotRenderer.Tests.csproj" Type="Classic C#" />
  </Folder>
</Solution>